
Microsoft Visual Studio Solution File, Format Version 11.00
# Visual Studio 2010
Project("{FAE04EC0-301F-11D3-BF4B-00C04F79EFBC}") = "Assembly-CSharp", "Assembly-CSharp.csproj", "{56F6C7F6-01D7-FC46-3540-95238F24561F}"
EndProject
Global
	GlobalSection(SolutionConfigurationPlatforms) = preSolution
		Debug|Any CPU = Debug|Any CPU
		Release|Any CPU = Release|Any CPU
	EndGlobalSection
	GlobalSection(ProjectConfigurationPlatforms) = postSolution
		{56F6C7F6-01D7-FC46-3540-95238F24561F}.Debug|Any CPU.ActiveCfg = Debug|Any CPU
		{56F6C7F6-01D7-FC46-3540-95238F24561F}.Debug|Any CPU.Build.0 = Debug|Any CPU
		{56F6C7F6-01D7-FC46-3540-95238F24561F}.Release|Any CPU.ActiveCfg = Release|Any CPU
		{56F6C7F6-01D7-FC46-3540-95238F24561F}.Release|Any CPU.Build.0 = Release|Any CPU
	EndGlobalSection
	GlobalSection(SolutionProperties) = preSolution
		HideSolutionNode = FALSE
	EndGlobalSection
	GlobalSection(MonoDevelopProperties) = preSolution
		StartupItem = Assembly-CSharp.csproj
	EndGlobalSection
EndGlobal
